// !$*UTF8*$!
{
	archiveVersion = 1;
	classes = {
	};
	objectVersion = 50;
	objects = {

/* Begin PBXBuildFile section */
		645C2101257F9CD6009571CE /* MyboxView.swift in Sources */ = {isa = PBXBuildFile; fileRef = 645C2100257F9CD6009571CE /* MyboxView.swift */; };
		646683542581215C007ACFF2 /* PTSans-Regular.ttf in Resources */ = {isa = PBXBuildFile; fileRef = 646683522581215C007ACFF2 /* PTSans-Regular.ttf */; };
		646683552581215C007ACFF2 /* PTSans-Bold.ttf in Resources */ = {isa = PBXBuildFile; fileRef = 646683532581215C007ACFF2 /* PTSans-Bold.ttf */; };
		647DB625257A86D100FF1C78 /* Myday6App.swift in Sources */ = {isa = PBXBuildFile; fileRef = 647DB624257A86D100FF1C78 /* Myday6App.swift */; };
		647DB627257A86D100FF1C78 /* ContentView.swift in Sources */ = {isa = PBXBuildFile; fileRef = 647DB626257A86D100FF1C78 /* ContentView.swift */; };
		647DB629257A86D200FF1C78 /* Assets.xcassets in Resources */ = {isa = PBXBuildFile; fileRef = 647DB628257A86D200FF1C78 /* Assets.xcassets */; };
		647DB62C257A86D200FF1C78 /* Preview Assets.xcassets in Resources */ = {isa = PBXBuildFile; fileRef = 647DB62B257A86D200FF1C78 /* Preview Assets.xcassets */; };
		647DB62E257A86D200FF1C78 /* Persistence.swift in Sources */ = {isa = PBXBuildFile; fileRef = 647DB62D257A86D200FF1C78 /* Persistence.swift */; };
		647DB631257A86D200FF1C78 /* Myday6.xcdatamodeld in Sources */ = {isa = PBXBuildFile; fileRef = 647DB62F257A86D200FF1C78 /* Myday6.xcdatamodeld */; };
		647EA110257FC06700C51613 /* MainView.swift in Sources */ = {isa = PBXBuildFile; fileRef = 647EA10F257FC06700C51613 /* MainView.swift */; };
		647EA113257FC0D100C51613 /* ProfileView.swift in Sources */ = {isa = PBXBuildFile; fileRef = 647EA112257FC0D100C51613 /* ProfileView.swift */; };
		647EA116257FC10600C51613 /* BrowseView.swift in Sources */ = {isa = PBXBuildFile; fileRef = 647EA115257FC10600C51613 /* BrowseView.swift */; };
		647EA119257FC12300C51613 /* AccountView.swift in Sources */ = {isa = PBXBuildFile; fileRef = 647EA118257FC12300C51613 /* AccountView.swift */; };
		647EA11C257FC13500C51613 /* ChatView.swift in Sources */ = {isa = PBXBuildFile; fileRef = 647EA11B257FC13500C51613 /* ChatView.swift */; };
		648CC3D6257E718F00418864 /* EntryView.swift in Sources */ = {isa = PBXBuildFile; fileRef = 648CC3D5257E718F00418864 /* EntryView.swift */; };
		648CC3DA257E72A600418864 /* Color.swift in Sources */ = {isa = PBXBuildFile; fileRef = 648CC3D9257E72A600418864 /* Color.swift */; };
		64C9FEC8259033D800BBEAF0 /* UserAuth.swift in Sources */ = {isa = PBXBuildFile; fileRef = 64C9FEC7259033D800BBEAF0 /* UserAuth.swift */; };
		64E83022258B867200B4B1ED /* Category+CoreData.swift in Sources */ = {isa = PBXBuildFile; fileRef = 64E83020258B867200B4B1ED /* Category+CoreData.swift */; };
		64FCC809258C70E20060385E /* AlertViewController.swift in Sources */ = {isa = PBXBuildFile; fileRef = 64FCC808258C70E20060385E /* AlertViewController.swift */; };
		64FCC80C258C7F370060385E /* CategoryView.swift in Sources */ = {isa = PBXBuildFile; fileRef = 64FCC80B258C7F370060385E /* CategoryView.swift */; };
/* End PBXBuildFile section */

/* Begin PBXFileReference section */
		645C2100257F9CD6009571CE /* MyboxView.swift */ = {isa = PBXFileReference; lastKnownFileType = sourcecode.swift; path = MyboxView.swift; sourceTree = "<group>"; };
		646683522581215C007ACFF2 /* PTSans-Regular.ttf */ = {isa = PBXFileReference; lastKnownFileType = file; name = "PTSans-Regular.ttf"; path = "../../../../../Downloads/PT_Sans/PTSans-Regular.ttf"; sourceTree = "<group>"; };
		646683532581215C007ACFF2 /* PTSans-Bold.ttf */ = {isa = PBXFileReference; lastKnownFileType = file; name = "PTSans-Bold.ttf"; path = "../../../../../Downloads/PT_Sans/PTSans-Bold.ttf"; sourceTree = "<group>"; };
		647DB621257A86D100FF1C78 /* Myday6.app */ = {isa = PBXFileReference; explicitFileType = wrapper.application; includeInIndex = 0; path = Myday6.app; sourceTree = BUILT_PRODUCTS_DIR; };
		647DB624257A86D100FF1C78 /* Myday6App.swift */ = {isa = PBXFileReference; lastKnownFileType = sourcecode.swift; path = Myday6App.swift; sourceTree = "<group>"; };
		647DB626257A86D100FF1C78 /* ContentView.swift */ = {isa = PBXFileReference; lastKnownFileType = sourcecode.swift; path = ContentView.swift; sourceTree = "<group>"; };
		647DB628257A86D200FF1C78 /* Assets.xcassets */ = {isa = PBXFileReference; lastKnownFileType = folder.assetcatalog; path = Assets.xcassets; sourceTree = "<group>"; };
		647DB62B257A86D200FF1C78 /* Preview Assets.xcassets */ = {isa = PBXFileReference; lastKnownFileType = folder.assetcatalog; path = "Preview Assets.xcassets"; sourceTree = "<group>"; };
		647DB62D257A86D200FF1C78 /* Persistence.swift */ = {isa = PBXFileReference; lastKnownFileType = sourcecode.swift; path = Persistence.swift; sourceTree = "<group>"; };
		647DB630257A86D200FF1C78 /* Myday6.xcdatamodel */ = {isa = PBXFileReference; lastKnownFileType = wrapper.xcdatamodel; path = Myday6.xcdatamodel; sourceTree = "<group>"; };
		647DB632257A86D200FF1C78 /* Info.plist */ = {isa = PBXFileReference; lastKnownFileType = text.plist.xml; path = Info.plist; sourceTree = "<group>"; };
		647EA10F257FC06700C51613 /* MainView.swift */ = {isa = PBXFileReference; lastKnownFileType = sourcecode.swift; path = MainView.swift; sourceTree = "<group>"; };
		647EA112257FC0D100C51613 /* ProfileView.swift */ = {isa = PBXFileReference; lastKnownFileType = sourcecode.swift; path = ProfileView.swift; sourceTree = "<group>"; };
		647EA115257FC10600C51613 /* BrowseView.swift */ = {isa = PBXFileReference; lastKnownFileType = sourcecode.swift; path = BrowseView.swift; sourceTree = "<group>"; };
		647EA118257FC12300C51613 /* AccountView.swift */ = {isa = PBXFileReference; lastKnownFileType = sourcecode.swift; path = AccountView.swift; sourceTree = "<group>"; };
		647EA11B257FC13500C51613 /* ChatView.swift */ = {isa = PBXFileReference; lastKnownFileType = sourcecode.swift; path = ChatView.swift; sourceTree = "<group>"; };
		648CC3D5257E718F00418864 /* EntryView.swift */ = {isa = PBXFileReference; lastKnownFileType = sourcecode.swift; path = EntryView.swift; sourceTree = "<group>"; };
		648CC3D9257E72A600418864 /* Color.swift */ = {isa = PBXFileReference; lastKnownFileType = sourcecode.swift; path = Color.swift; sourceTree = "<group>"; };
		64C9FEC7259033D800BBEAF0 /* UserAuth.swift */ = {isa = PBXFileReference; lastKnownFileType = sourcecode.swift; path = UserAuth.swift; sourceTree = "<group>"; };
		64E83020258B867200B4B1ED /* Category+CoreData.swift */ = {isa = PBXFileReference; lastKnownFileType = sourcecode.swift; path = "Category+CoreData.swift"; sourceTree = "<group>"; };
		64FCC808258C70E20060385E /* AlertViewController.swift */ = {isa = PBXFileReference; lastKnownFileType = sourcecode.swift; path = AlertViewController.swift; sourceTree = "<group>"; };
		64FCC80B258C7F370060385E /* CategoryView.swift */ = {isa = PBXFileReference; lastKnownFileType = sourcecode.swift; path = CategoryView.swift; sourceTree = "<group>"; };
/* End PBXFileReference section */

/* Begin PBXFrameworksBuildPhase section */
		647DB61E257A86D100FF1C78 /* Frameworks */ = {
			isa = PBXFrameworksBuildPhase;
			buildActionMask = 2147483647;
			files = (
			);
			runOnlyForDeploymentPostprocessing = 0;
		};
/* End PBXFrameworksBuildPhase section */

/* Begin PBXGroup section */
		6466834F2581212B007ACFF2 /* Font */ = {
			isa = PBXGroup;
			children = (
				646683532581215C007ACFF2 /* PTSans-Bold.ttf */,
				646683522581215C007ACFF2 /* PTSans-Regular.ttf */,
			);
			path = Font;
			sourceTree = "<group>";
		};
		647DB618257A86D100FF1C78 = {
			isa = PBXGroup;
			children = (
				64E83020258B867200B4B1ED /* Category+CoreData.swift */,
				647DB623257A86D100FF1C78 /* Myday6 */,
				647DB622257A86D100FF1C78 /* Products */,
			);
			sourceTree = "<group>";
		};
		647DB622257A86D100FF1C78 /* Products */ = {
			isa = PBXGroup;
			children = (
				647DB621257A86D100FF1C78 /* Myday6.app */,
			);
			name = Products;
			sourceTree = "<group>";
		};
		647DB623257A86D100FF1C78 /* Myday6 */ = {
			isa = PBXGroup;
			children = (
				648CC3D8257E729100418864 /* extensions */,
				647DB624257A86D100FF1C78 /* Myday6App.swift */,
				647DB626257A86D100FF1C78 /* ContentView.swift */,
				648CC3D5257E718F00418864 /* EntryView.swift */,
				64C9FEC7259033D800BBEAF0 /* UserAuth.swift */,
				647EA10F257FC06700C51613 /* MainView.swift */,
				647EA112257FC0D100C51613 /* ProfileView.swift */,
				647EA115257FC10600C51613 /* BrowseView.swift */,
				645C2100257F9CD6009571CE /* MyboxView.swift */,
				64FCC80B258C7F370060385E /* CategoryView.swift */,
				64FCC808258C70E20060385E /* AlertViewController.swift */,
				647EA118257FC12300C51613 /* AccountView.swift */,
				647EA11B257FC13500C51613 /* ChatView.swift */,
				647DB628257A86D200FF1C78 /* Assets.xcassets */,
				647DB62D257A86D200FF1C78 /* Persistence.swift */,
				647DB632257A86D200FF1C78 /* Info.plist */,
				647DB62F257A86D200FF1C78 /* Myday6.xcdatamodeld */,
				6466834F2581212B007ACFF2 /* Font */,
				647DB62A257A86D200FF1C78 /* Preview Content */,
			);
			path = Myday6;
			sourceTree = "<group>";
		};
		647DB62A257A86D200FF1C78 /* Preview Content */ = {
			isa = PBXGroup;
			children = (
				647DB62B257A86D200FF1C78 /* Preview Assets.xcassets */,
			);
			path = "Preview Content";
			sourceTree = "<group>";
		};
		648CC3D8257E729100418864 /* extensions */ = {
			isa = PBXGroup;
			children = (
				648CC3D9257E72A600418864 /* Color.swift */,
			);
			path = extensions;
			sourceTree = "<group>";
		};
/* End PBXGroup section */

/* Begin PBXNativeTarget section */
		647DB620257A86D100FF1C78 /* Myday6 */ = {
			isa = PBXNativeTarget;
			buildConfigurationList = 647DB635257A86D200FF1C78 /* Build configuration list for PBXNativeTarget "Myday6" */;
			buildPhases = (
				647DB61D257A86D100FF1C78 /* Sources */,
				647DB61E257A86D100FF1C78 /* Frameworks */,
				647DB61F257A86D100FF1C78 /* Resources */,
			);
			buildRules = (
			);
			dependencies = (
			);
			name = Myday6;
			productName = Myday6;
			productReference = 647DB621257A86D100FF1C78 /* Myday6.app */;
			productType = "com.apple.product-type.application";
		};
/* End PBXNativeTarget section */

/* Begin PBXProject section */
		647DB619257A86D100FF1C78 /* Project object */ = {
			isa = PBXProject;
			attributes = {
				LastSwiftUpdateCheck = 1220;
				LastUpgradeCheck = 1220;
				TargetAttributes = {
					647DB620257A86D100FF1C78 = {
						CreatedOnToolsVersion = 12.2;
					};
				};
			};
			buildConfigurationList = 647DB61C257A86D100FF1C78 /* Build configuration list for PBXProject "Myday6" */;
			compatibilityVersion = "Xcode 9.3";
			developmentRegion = en;
			hasScannedForEncodings = 0;
			knownRegions = (
				en,
				Base,
			);
			mainGroup = 647DB618257A86D100FF1C78;
			productRefGroup = 647DB622257A86D100FF1C78 /* Products */;
			projectDirPath = "";
			projectRoot = "";
			targets = (
				647DB620257A86D100FF1C78 /* Myday6 */,
			);
		};
/* End PBXProject section */

/* Begin PBXResourcesBuildPhase section */
		647DB61F257A86D100FF1C78 /* Resources */ = {
			isa = PBXResourcesBuildPhase;
			buildActionMask = 2147483647;
			files = (
				646683542581215C007ACFF2 /* PTSans-Regular.ttf in Resources */,
				647DB62C257A86D200FF1C78 /* Preview Assets.xcassets in Resources */,
				646683552581215C007ACFF2 /* PTSans-Bold.ttf in Resources */,
				647DB629257A86D200FF1C78 /* Assets.xcassets in Resources */,
			);
			runOnlyForDeploymentPostprocessing = 0;
		};
/* End PBXResourcesBuildPhase section */

/* Begin PBXSourcesBuildPhase section */
		647DB61D257A86D100FF1C78 /* Sources */ = {
			isa = PBXSourcesBuildPhase;
			buildActionMask = 2147483647;
			files = (
				647DB62E257A86D200FF1C78 /* Persistence.swift in Sources */,
				64FCC809258C70E20060385E /* AlertViewController.swift in Sources */,
				647EA113257FC0D100C51613 /* ProfileView.swift in Sources */,
				647EA116257FC10600C51613 /* BrowseView.swift in Sources */,
				64E83022258B867200B4B1ED /* Category+CoreData.swift in Sources */,
				647EA110257FC06700C51613 /* MainView.swift in Sources */,
				647EA11C257FC13500C51613 /* ChatView.swift in Sources */,
				647EA119257FC12300C51613 /* AccountView.swift in Sources */,
				647DB631257A86D200FF1C78 /* Myday6.xcdatamodeld in Sources */,
				645C2101257F9CD6009571CE /* MyboxView.swift in Sources */,
				64C9FEC8259033D800BBEAF0 /* UserAuth.swift in Sources */,
				647DB627257A86D100FF1C78 /* ContentView.swift in Sources */,
				648CC3D6257E718F00418864 /* EntryView.swift in Sources */,
				647DB625257A86D100FF1C78 /* Myday6App.swift in Sources */,
				648CC3DA257E72A600418864 /* Color.swift in Sources */,
				64FCC80C258C7F370060385E /* CategoryView.swift in Sources */,
			);
			runOnlyForDeploymentPostprocessing = 0;
		};
/* End PBXSourcesBuildPhase section */

/* Begin XCBuildConfiguration section */
		647DB633257A86D200FF1C78 /* Debug */ = {
			isa = XCBuildConfiguration;
			buildSettings = {
				ALWAYS_SEARCH_USER_PATHS = NO;
				CLANG_ANALYZER_NONNULL = YES;
				CLANG_ANALYZER_NUMBER_OBJECT_CONVERSION = YES_AGGRESSIVE;
				CLANG_CXX_LANGUAGE_STANDARD = "gnu++14";
				CLANG_CXX_LIBRARY = "libc++";
				CLANG_ENABLE_MODULES = YES;
				CLANG_ENABLE_OBJC_ARC = YES;
				CLANG_ENABLE_OBJC_WEAK = YES;
				CLANG_WARN_BLOCK_CAPTURE_AUTORELEASING = YES;
				CLANG_WARN_BOOL_CONVERSION = YES;
				CLANG_WARN_COMMA = YES;
				CLANG_WARN_CONSTANT_CONVERSION = YES;
				CLANG_WARN_DEPRECATED_OBJC_IMPLEMENTATIONS = YES;
				CLANG_WARN_DIRECT_OBJC_ISA_USAGE = YES_ERROR;
				CLANG_WARN_DOCUMENTATION_COMMENTS = YES;
				CLANG_WARN_EMPTY_BODY = YES;
				CLANG_WARN_ENUM_CONVERSION = YES;
				CLANG_WARN_INFINITE_RECURSION = YES;
				CLANG_WARN_INT_CONVERSION = YES;
				CLANG_WARN_NON_LITERAL_NULL_CONVERSION = YES;
				CLANG_WARN_OBJC_IMPLICIT_RETAIN_SELF = YES;
				CLANG_WARN_OBJC_LITERAL_CONVERSION = YES;
				CLANG_WARN_OBJC_ROOT_CLASS = YES_ERROR;
				CLANG_WARN_QUOTED_INCLUDE_IN_FRAMEWORK_HEADER = YES;
				CLANG_WARN_RANGE_LOOP_ANALYSIS = YES;
				CLANG_WARN_STRICT_PROTOTYPES = YES;
				CLANG_WARN_SUSPICIOUS_MOVE = YES;
				CLANG_WARN_UNGUARDED_AVAILABILITY = YES_AGGRESSIVE;
				CLANG_WARN_UNREACHABLE_CODE = YES;
				CLANG_WARN__DUPLICATE_METHOD_MATCH = YES;
				COPY_PHASE_STRIP = NO;
				DEBUG_INFORMATION_FORMAT = dwarf;
				ENABLE_STRICT_OBJC_MSGSEND = YES;
				ENABLE_TESTABILITY = YES;
				GCC_C_LANGUAGE_STANDARD = gnu11;
				GCC_DYNAMIC_NO_PIC = NO;
				GCC_NO_COMMON_BLOCKS = YES;
				GCC_OPTIMIZATION_LEVEL = 0;
				GCC_PREPROCESSOR_DEFINITIONS = (
					"DEBUG=1",
					"$(inherited)",
				);
				GCC_WARN_64_TO_32_BIT_CONVERSION = YES;
				GCC_WARN_ABOUT_RETURN_TYPE = YES_ERROR;
				GCC_WARN_UNDECLARED_SELECTOR = YES;
				GCC_WARN_UNINITIALIZED_AUTOS = YES_AGGRESSIVE;
				GCC_WARN_UNUSED_FUNCTION = YES;
				GCC_WARN_UNUSED_VARIABLE = YES;
				IPHONEOS_DEPLOYMENT_TARGET = 14.2;
				MTL_ENABLE_DEBUG_INFO = INCLUDE_SOURCE;
				MTL_FAST_MATH = YES;
				ONLY_ACTIVE_ARCH = YES;
				SDKROOT = iphoneos;
				SWIFT_ACTIVE_COMPILATION_CONDITIONS = DEBUG;
				SWIFT_OPTIMIZATION_LEVEL = "-Onone";
			};
			name = Debug;
		};
		647DB634257A86D200FF1C78 /* Release */ = {
			isa = XCBuildConfiguration;
			buildSettings = {
				ALWAYS_SEARCH_USER_PATHS = NO;
				CLANG_ANALYZER_NONNULL = YES;
				CLANG_ANALYZER_NUMBER_OBJECT_CONVERSION = YES_AGGRESSIVE;
				CLANG_CXX_LANGUAGE_STANDARD = "gnu++14";
				CLANG_CXX_LIBRARY = "libc++";
				CLANG_ENABLE_MODULES = YES;
				CLANG_ENABLE_OBJC_ARC = YES;
				CLANG_ENABLE_OBJC_WEAK = YES;
				CLANG_WARN_BLOCK_CAPTURE_AUTORELEASING = YES;
				CLANG_WARN_BOOL_CONVERSION = YES;
				CLANG_WARN_COMMA = YES;
				CLANG_WARN_CONSTANT_CONVERSION = YES;
				CLANG_WARN_DEPRECATED_OBJC_IMPLEMENTATIONS = YES;
				CLANG_WARN_DIRECT_OBJC_ISA_USAGE = YES_ERROR;
				CLANG_WARN_DOCUMENTATION_COMMENTS = YES;
				CLANG_WARN_EMPTY_BODY = YES;
				CLANG_WARN_ENUM_CONVERSION = YES;
				CLANG_WARN_INFINITE_RECURSION = YES;
				CLANG_WARN_INT_CONVERSION = YES;
				CLANG_WARN_NON_LITERAL_NULL_CONVERSION = YES;
				CLANG_WARN_OBJC_IMPLICIT_RETAIN_SELF = YES;
				CLANG_WARN_OBJC_LITERAL_CONVERSION = YES;
				CLANG_WARN_OBJC_ROOT_CLASS = YES_ERROR;
				CLANG_WARN_QUOTED_INCLUDE_IN_FRAMEWORK_HEADER = YES;
				CLANG_WARN_RANGE_LOOP_ANALYSIS = YES;
				CLANG_WARN_STRICT_PROTOTYPES = YES;
				CLANG_WARN_SUSPICIOUS_MOVE = YES;
				CLANG_WARN_UNGUARDED_AVAILABILITY = YES_AGGRESSIVE;
				CLANG_WARN_UNREACHABLE_CODE = YES;
				CLANG_WARN__DUPLICATE_METHOD_MATCH = YES;
				COPY_PHASE_STRIP = NO;
				DEBUG_INFORMATION_FORMAT = "dwarf-with-dsym";
				ENABLE_NS_ASSERTIONS = NO;
				ENABLE_STRICT_OBJC_MSGSEND = YES;
				GCC_C_LANGUAGE_STANDARD = gnu11;
				GCC_NO_COMMON_BLOCKS = YES;
				GCC_WARN_64_TO_32_BIT_CONVERSION = YES;
				GCC_WARN_ABOUT_RETURN_TYPE = YES_ERROR;
				GCC_WARN_UNDECLARED_SELECTOR = YES;
				GCC_WARN_UNINITIALIZED_AUTOS = YES_AGGRESSIVE;
				GCC_WARN_UNUSED_FUNCTION = YES;
				GCC_WARN_UNUSED_VARIABLE = YES;
				IPHONEOS_DEPLOYMENT_TARGET = 14.2;
				MTL_ENABLE_DEBUG_INFO = NO;
				MTL_FAST_MATH = YES;
				SDKROOT = iphoneos;
				SWIFT_COMPILATION_MODE = wholemodule;
				SWIFT_OPTIMIZATION_LEVEL = "-O";
				VALIDATE_PRODUCT = YES;
			};
			name = Release;
		};
		647DB636257A86D200FF1C78 /* Debug */ = {
			isa = XCBuildConfiguration;
			buildSettings = {
				ASSETCATALOG_COMPILER_APPICON_NAME = AppIcon;
				ASSETCATALOG_COMPILER_GLOBAL_ACCENT_COLOR_NAME = AccentColor;
				CODE_SIGN_STYLE = Automatic;
				DEVELOPMENT_ASSET_PATHS = "\"Myday6/Preview Content\"";
				DEVELOPMENT_TEAM = J262X57F7K;
				ENABLE_PREVIEWS = YES;
				INFOPLIST_FILE = Myday6/Info.plist;
				IPHONEOS_DEPLOYMENT_TARGET = 14.0;
				LD_RUNPATH_SEARCH_PATHS = (
					"$(inherited)",
					"@executable_path/Frameworks",
				);
				PRODUCT_BUNDLE_IDENTIFIER = com.songji.Myday6;
				PRODUCT_NAME = "$(TARGET_NAME)";
				SWIFT_VERSION = 5.0;
				TARGETED_DEVICE_FAMILY = "1,2";
			};
			name = Debug;
		};
		647DB637257A86D200FF1C78 /* Release */ = {
			isa = XCBuildConfiguration;
			buildSettings = {
				ASSETCATALOG_COMPILER_APPICON_NAME = AppIcon;
				ASSETCATALOG_COMPILER_GLOBAL_ACCENT_COLOR_NAME = AccentColor;
				CODE_SIGN_STYLE = Automatic;
				DEVELOPMENT_ASSET_PATHS = "\"Myday6/Preview Content\"";
				DEVELOPMENT_TEAM = J262X57F7K;
				ENABLE_PREVIEWS = YES;
				INFOPLIST_FILE = Myday6/Info.plist;
				IPHONEOS_DEPLOYMENT_TARGET = 14.0;
				LD_RUNPATH_SEARCH_PATHS = (
					"$(inherited)",
					"@executable_path/Frameworks",
				);
				PRODUCT_BUNDLE_IDENTIFIER = com.songji.Myday6;
				PRODUCT_NAME = "$(TARGET_NAME)";
				SWIFT_VERSION = 5.0;
				TARGETED_DEVICE_FAMILY = "1,2";
			};
			name = Release;
		};
/* End XCBuildConfiguration section */

/* Begin XCConfigurationList section */
		647DB61C257A86D100FF1C78 /* Build configuration list for PBXProject "Myday6" */ = {
			isa = XCConfigurationList;
			buildConfigurations = (
				647DB633257A86D200FF1C78 /* Debug */,
				647DB634257A86D200FF1C78 /* Release */,
			);
			defaultConfigurationIsVisible = 0;
			defaultConfigurationName = Release;
		};
		647DB635257A86D200FF1C78 /* Build configuration list for PBXNativeTarget "Myday6" */ = {
			isa = XCConfigurationList;
			buildConfigurations = (
				647DB636257A86D200FF1C78 /* Debug */,
				647DB637257A86D200FF1C78 /* Release */,
			);
			defaultConfigurationIsVisible = 0;
			defaultConfigurationName = Release;
		};
/* End XCConfigurationList section */

/* Begin XCVersionGroup section */
		647DB62F257A86D200FF1C78 /* Myday6.xcdatamodeld */ = {
			isa = XCVersionGroup;
			children = (
				647DB630257A86D200FF1C78 /* Myday6.xcdatamodel */,
			);
			currentVersion = 647DB630257A86D200FF1C78 /* Myday6.xcdatamodel */;
			path = Myday6.xcdatamodeld;
			sourceTree = "<group>";
			versionGroupType = wrapper.xcdatamodel;
		};
/* End XCVersionGroup section */
	};
	rootObject = 647DB619257A86D100FF1C78 /* Project object */;
}
